
Microsoft Visual Studio Solution File, Format Version 12.00
# Visual Studio Version 17
VisualStudioVersion = 17.2.32519.379
MinimumVisualStudioVersion = 10.0.40219.1
Project("{FAE04EC0-301F-11D3-BF4B-00C04F79EFBC}") = "app-code", "app-code\app-code.csproj", "{98EDFED0-B751-49BE-B8C2-847D7790B206}"
EndProject
Global
	GlobalSection(SolutionConfigurationPlatforms) = preSolution
		Debug|Any CPU = Debug|Any CPU
		Release|Any CPU = Release|Any CPU
	EndGlobalSection
	GlobalSection(ProjectConfigurationPlatforms) = postSolution
		{98EDFED0-B751-49BE-B8C2-847D7790B206}.Debug|Any CPU.ActiveCfg = Debug|Any CPU
		{98EDFED0-B751-49BE-B8C2-847D7790B206}.Debug|Any CPU.Build.0 = Debug|Any CPU
		{98EDFED0-B751-49BE-B8C2-847D7790B206}.Release|Any CPU.ActiveCfg = Release|Any CPU
		{98EDFED0-B751-49BE-B8C2-847D7790B206}.Release|Any CPU.Build.0 = Release|Any CPU
	EndGlobalSection
	GlobalSection(SolutionProperties) = preSolution
		HideSolutionNode = FALSE
	EndGlobalSection
	GlobalSection(ExtensibilityGlobals) = postSolution
		SolutionGuid = {37B74ED0-717D-4A64-8A78-1623DE57B13F}
	EndGlobalSection
EndGlobal
